// !$*UTF8*$!
{
	archiveVersion = 1;
	classes = {
	};
	objectVersion = 51;
	objects = {

/* Begin PBXBuildFile section */
		900B1B1D473F6EE098F21A04 /* Pods_Radio.framework in Frameworks */ = {isa = PBXBuildFile; fileRef = 2BD9AE632015996638F845F6 /* Pods_Radio.framework */; };
		9A0126C124B3E3670027A431 /* RoundedTextField.swift in Sources */ = {isa = PBXBuildFile; fileRef = 9A0126C024B3E3670027A431 /* RoundedTextField.swift */; };
		9A204EC224CE8D650004E2EB /* Player.swift in Sources */ = {isa = PBXBuildFile; fileRef = 9A204EC124CE8D650004E2EB /* Player.swift */; };
		9A3A422A24DFAD0100033416 /* RadioControl.swift in Sources */ = {isa = PBXBuildFile; fileRef = 9A3A422924DFAD0100033416 /* RadioControl.swift */; };
		9A421B7D24D725880016DA43 /* FilterHelper.swift in Sources */ = {isa = PBXBuildFile; fileRef = 9A421B7C24D725880016DA43 /* FilterHelper.swift */; };
		9A43A31A24B9DA1700974171 /* RadioPlayerContract.swift in Sources */ = {isa = PBXBuildFile; fileRef = 9A43A31524B9DA1700974171 /* RadioPlayerContract.swift */; };
		9A43A31B24B9DA1700974171 /* RadioPlayerPresenter.swift in Sources */ = {isa = PBXBuildFile; fileRef = 9A43A31624B9DA1700974171 /* RadioPlayerPresenter.swift */; };
		9A43A31C24B9DA1700974171 /* RadioPlayerRouter.swift in Sources */ = {isa = PBXBuildFile; fileRef = 9A43A31724B9DA1700974171 /* RadioPlayerRouter.swift */; };
		9A43A31D24B9DA1700974171 /* RadioPlayerViewController.swift in Sources */ = {isa = PBXBuildFile; fileRef = 9A43A31824B9DA1700974171 /* RadioPlayerViewController.swift */; };
		9A43A31E24B9DA1700974171 /* RadioPlayerInteractor.swift in Sources */ = {isa = PBXBuildFile; fileRef = 9A43A31924B9DA1700974171 /* RadioPlayerInteractor.swift */; };
		9A43A32624BDDA4C00974171 /* Connectivity.swift in Sources */ = {isa = PBXBuildFile; fileRef = 9A43A32524BDDA4C00974171 /* Connectivity.swift */; };
		9A50F31624DC0A36006C0C5E /* UIStackView+AddSubviews.swift in Sources */ = {isa = PBXBuildFile; fileRef = 9A50F31524DC0A36006C0C5E /* UIStackView+AddSubviews.swift */; };
		9A5DE3E424D5B35E00CE13D1 /* RadioVolumeSlider.swift in Sources */ = {isa = PBXBuildFile; fileRef = 9A5DE3E324D5B35E00CE13D1 /* RadioVolumeSlider.swift */; };
		9A674D8824A7650B00C35732 /* RadioTabBarViewController.swift in Sources */ = {isa = PBXBuildFile; fileRef = 9A674D8724A7650B00C35732 /* RadioTabBarViewController.swift */; };
		9A6B901024A4B1F2002FE34A /* AppDelegate.swift in Sources */ = {isa = PBXBuildFile; fileRef = 9A6B900F24A4B1F2002FE34A /* AppDelegate.swift */; };
		9A6B901224A4B1F2002FE34A /* SceneDelegate.swift in Sources */ = {isa = PBXBuildFile; fileRef = 9A6B901124A4B1F2002FE34A /* SceneDelegate.swift */; };
		9A6B901724A4B1F2002FE34A /* Main.storyboard in Resources */ = {isa = PBXBuildFile; fileRef = 9A6B901524A4B1F2002FE34A /* Main.storyboard */; };
		9A6B901924A4B1F4002FE34A /* Assets.xcassets in Resources */ = {isa = PBXBuildFile; fileRef = 9A6B901824A4B1F4002FE34A /* Assets.xcassets */; };
		9A6B901C24A4B1F4002FE34A /* LaunchScreen.storyboard in Resources */ = {isa = PBXBuildFile; fileRef = 9A6B901A24A4B1F4002FE34A /* LaunchScreen.storyboard */; };
		9A6B902924A6291A002FE34A /* BaseViewController.swift in Sources */ = {isa = PBXBuildFile; fileRef = 9A6B902824A6291A002FE34A /* BaseViewController.swift */; };
		9A6B902B24A62B90002FE34A /* Country.swift in Sources */ = {isa = PBXBuildFile; fileRef = 9A6B902A24A62B90002FE34A /* Country.swift */; };
		9A6B902D24A62C19002FE34A /* Genre.swift in Sources */ = {isa = PBXBuildFile; fileRef = 9A6B902C24A62C19002FE34A /* Genre.swift */; };
		9A6B902F24A62E50002FE34A /* Radio.swift in Sources */ = {isa = PBXBuildFile; fileRef = 9A6B902E24A62E50002FE34A /* Radio.swift */; };
		9A6B903424A64459002FE34A /* RadioAPI.swift in Sources */ = {isa = PBXBuildFile; fileRef = 9A6B903324A64459002FE34A /* RadioAPI.swift */; };
		9A6B903624A6446C002FE34A /* CountryAPI.swift in Sources */ = {isa = PBXBuildFile; fileRef = 9A6B903524A6446C002FE34A /* CountryAPI.swift */; };
		9A6B903824A64478002FE34A /* Constant.swift in Sources */ = {isa = PBXBuildFile; fileRef = 9A6B903724A64478002FE34A /* Constant.swift */; };
		9A6B903A24A64EB9002FE34A /* GenreAPI.swift in Sources */ = {isa = PBXBuildFile; fileRef = 9A6B903924A64EB9002FE34A /* GenreAPI.swift */; };
		9A6D533F24E166D100A1A214 /* UIImageView+DropShadow.swift in Sources */ = {isa = PBXBuildFile; fileRef = 9A6D533E24E166D100A1A214 /* UIImageView+DropShadow.swift */; };
		9A74E21C24A7E50A0059E48B /* RadioInfoView.xib in Resources */ = {isa = PBXBuildFile; fileRef = 9A74E21B24A7E50A0059E48B /* RadioInfoView.xib */; };
		9A74E21E24A7E6800059E48B /* RadioInfoView.swift in Sources */ = {isa = PBXBuildFile; fileRef = 9A74E21D24A7E6800059E48B /* RadioInfoView.swift */; };
		9A74E22124A809590059E48B /* UIImageView+LoadImg.swift in Sources */ = {isa = PBXBuildFile; fileRef = 9A74E22024A809590059E48B /* UIImageView+LoadImg.swift */; };
		9A9F31E924D9B7FE00D8DCF7 /* RadioListTableViewController.swift in Sources */ = {isa = PBXBuildFile; fileRef = 9A9F31E824D9B7FE00D8DCF7 /* RadioListTableViewController.swift */; };
		9A9F31EB24DA41A100D8DCF7 /* RadioHelper.swift in Sources */ = {isa = PBXBuildFile; fileRef = 9A9F31EA24DA41A100D8DCF7 /* RadioHelper.swift */; };
		9AAE469A24A754FD005879AB /* RadioListContract.swift in Sources */ = {isa = PBXBuildFile; fileRef = 9AAE469524A754FD005879AB /* RadioListContract.swift */; };
		9AAE469B24A754FD005879AB /* RadioListPresenter.swift in Sources */ = {isa = PBXBuildFile; fileRef = 9AAE469624A754FD005879AB /* RadioListPresenter.swift */; };
		9AAE469C24A754FD005879AB /* RadioListRouter.swift in Sources */ = {isa = PBXBuildFile; fileRef = 9AAE469724A754FD005879AB /* RadioListRouter.swift */; };
		9AAE469E24A754FD005879AB /* RadioListInteractor.swift in Sources */ = {isa = PBXBuildFile; fileRef = 9AAE469924A754FD005879AB /* RadioListInteractor.swift */; };
		9AAE46A024A756D7005879AB /* RadioListTableViewCell.swift in Sources */ = {isa = PBXBuildFile; fileRef = 9AAE469F24A756D7005879AB /* RadioListTableViewCell.swift */; };
		9AAE46A324A75C08005879AB /* PresenterProtocol.swift in Sources */ = {isa = PBXBuildFile; fileRef = 9AAE46A224A75C08005879AB /* PresenterProtocol.swift */; };
		9AC193D824AB87E000C03C31 /* RadioFilterContract.swift in Sources */ = {isa = PBXBuildFile; fileRef = 9AC193D324AB87E000C03C31 /* RadioFilterContract.swift */; };
		9AC193D924AB87E000C03C31 /* RadioFilterPresenter.swift in Sources */ = {isa = PBXBuildFile; fileRef = 9AC193D424AB87E000C03C31 /* RadioFilterPresenter.swift */; };
		9AC193DA24AB87E000C03C31 /* RadioFilterRouter.swift in Sources */ = {isa = PBXBuildFile; fileRef = 9AC193D524AB87E000C03C31 /* RadioFilterRouter.swift */; };
		9AC193DB24AB87E000C03C31 /* RadioFilterViewController.swift in Sources */ = {isa = PBXBuildFile; fileRef = 9AC193D624AB87E000C03C31 /* RadioFilterViewController.swift */; };
		9AC193DC24AB87E000C03C31 /* RadioFilterInteractor.swift in Sources */ = {isa = PBXBuildFile; fileRef = 9AC193D724AB87E000C03C31 /* RadioFilterInteractor.swift */; };
		9AC193E024AB9EAC00C03C31 /* RadioFilterCellTableViewCell.swift in Sources */ = {isa = PBXBuildFile; fileRef = 9AC193DF24AB9EAC00C03C31 /* RadioFilterCellTableViewCell.swift */; };
		9AC193E624B3AFFA00C03C31 /* RadioAddContract.swift in Sources */ = {isa = PBXBuildFile; fileRef = 9AC193E124B3AFF900C03C31 /* RadioAddContract.swift */; };
		9AC193E724B3AFFA00C03C31 /* RadioAddPresenter.swift in Sources */ = {isa = PBXBuildFile; fileRef = 9AC193E224B3AFF900C03C31 /* RadioAddPresenter.swift */; };
		9AC193E824B3AFFA00C03C31 /* RadioAddRouter.swift in Sources */ = {isa = PBXBuildFile; fileRef = 9AC193E324B3AFF900C03C31 /* RadioAddRouter.swift */; };
		9AC193E924B3AFFA00C03C31 /* RadioAddViewController.swift in Sources */ = {isa = PBXBuildFile; fileRef = 9AC193E424B3AFF900C03C31 /* RadioAddViewController.swift */; };
		9AC193EA24B3AFFA00C03C31 /* RadioAddInteractor.swift in Sources */ = {isa = PBXBuildFile; fileRef = 9AC193E524B3AFF900C03C31 /* RadioAddInteractor.swift */; };
		9AC193ED24B3B19E00C03C31 /* BaseTableViewController.swift in Sources */ = {isa = PBXBuildFile; fileRef = 9AC193EC24B3B19E00C03C31 /* BaseTableViewController.swift */; };
		9AC9BA8524DC0658007B937B /* RadioSettingContract.swift in Sources */ = {isa = PBXBuildFile; fileRef = 9AC9BA8024DC0658007B937B /* RadioSettingContract.swift */; };
		9AC9BA8624DC0658007B937B /* RadioSettingPresenter.swift in Sources */ = {isa = PBXBuildFile; fileRef = 9AC9BA8124DC0658007B937B /* RadioSettingPresenter.swift */; };
		9AC9BA8724DC0658007B937B /* RadioSettingRouter.swift in Sources */ = {isa = PBXBuildFile; fileRef = 9AC9BA8224DC0658007B937B /* RadioSettingRouter.swift */; };
		9AC9BA8824DC0658007B937B /* RadioSettingTableViewController.swift in Sources */ = {isa = PBXBuildFile; fileRef = 9AC9BA8324DC0658007B937B /* RadioSettingTableViewController.swift */; };
		9AC9BA8924DC0658007B937B /* RadioSettingInteractor.swift in Sources */ = {isa = PBXBuildFile; fileRef = 9AC9BA8424DC0658007B937B /* RadioSettingInteractor.swift */; };
		9AD7480E24B4AED300ACE8E5 /* ResultView.xib in Resources */ = {isa = PBXBuildFile; fileRef = 9AD7480D24B4AED300ACE8E5 /* ResultView.xib */; };
		9AD7481024B4AFA500ACE8E5 /* ResultView.swift in Sources */ = {isa = PBXBuildFile; fileRef = 9AD7480F24B4AFA500ACE8E5 /* ResultView.swift */; };
/* End PBXBuildFile section */

/* Begin PBXFileReference section */
		2BD9AE632015996638F845F6 /* Pods_Radio.framework */ = {isa = PBXFileReference; explicitFileType = wrapper.framework; includeInIndex = 0; path = Pods_Radio.framework; sourceTree = BUILT_PRODUCTS_DIR; };
		5A3618CD5D07EE84B100F06D /* Pods-Radio.debug.xcconfig */ = {isa = PBXFileReference; includeInIndex = 1; lastKnownFileType = text.xcconfig; name = "Pods-Radio.debug.xcconfig"; path = "Target Support Files/Pods-Radio/Pods-Radio.debug.xcconfig"; sourceTree = "<group>"; };
		9A0126C024B3E3670027A431 /* RoundedTextField.swift */ = {isa = PBXFileReference; lastKnownFileType = sourcecode.swift; path = RoundedTextField.swift; sourceTree = "<group>"; };
		9A204EC124CE8D650004E2EB /* Player.swift */ = {isa = PBXFileReference; lastKnownFileType = sourcecode.swift; path = Player.swift; sourceTree = "<group>"; };
		9A3A422924DFAD0100033416 /* RadioControl.swift */ = {isa = PBXFileReference; lastKnownFileType = sourcecode.swift; path = RadioControl.swift; sourceTree = "<group>"; };
		9A421B7C24D725880016DA43 /* FilterHelper.swift */ = {isa = PBXFileReference; lastKnownFileType = sourcecode.swift; path = FilterHelper.swift; sourceTree = "<group>"; };
		9A43A31524B9DA1700974171 /* RadioPlayerContract.swift */ = {isa = PBXFileReference; lastKnownFileType = sourcecode.swift; path = RadioPlayerContract.swift; sourceTree = "<group>"; };
		9A43A31624B9DA1700974171 /* RadioPlayerPresenter.swift */ = {isa = PBXFileReference; lastKnownFileType = sourcecode.swift; path = RadioPlayerPresenter.swift; sourceTree = "<group>"; };
		9A43A31724B9DA1700974171 /* RadioPlayerRouter.swift */ = {isa = PBXFileReference; lastKnownFileType = sourcecode.swift; path = RadioPlayerRouter.swift; sourceTree = "<group>"; };
		9A43A31824B9DA1700974171 /* RadioPlayerViewController.swift */ = {isa = PBXFileReference; lastKnownFileType = sourcecode.swift; path = RadioPlayerViewController.swift; sourceTree = "<group>"; };
		9A43A31924B9DA1700974171 /* RadioPlayerInteractor.swift */ = {isa = PBXFileReference; lastKnownFileType = sourcecode.swift; path = RadioPlayerInteractor.swift; sourceTree = "<group>"; };
		9A43A32524BDDA4C00974171 /* Connectivity.swift */ = {isa = PBXFileReference; lastKnownFileType = sourcecode.swift; path = Connectivity.swift; sourceTree = "<group>"; };
		9A50F31524DC0A36006C0C5E /* UIStackView+AddSubviews.swift */ = {isa = PBXFileReference; lastKnownFileType = sourcecode.swift; path = "UIStackView+AddSubviews.swift"; sourceTree = "<group>"; };
		9A5DE3E324D5B35E00CE13D1 /* RadioVolumeSlider.swift */ = {isa = PBXFileReference; lastKnownFileType = sourcecode.swift; path = RadioVolumeSlider.swift; sourceTree = "<group>"; };
		9A674D8724A7650B00C35732 /* RadioTabBarViewController.swift */ = {isa = PBXFileReference; lastKnownFileType = sourcecode.swift; path = RadioTabBarViewController.swift; sourceTree = "<group>"; };
		9A6B900C24A4B1F2002FE34A /* Radio.app */ = {isa = PBXFileReference; explicitFileType = wrapper.application; includeInIndex = 0; path = Radio.app; sourceTree = BUILT_PRODUCTS_DIR; };
		9A6B900F24A4B1F2002FE34A /* AppDelegate.swift */ = {isa = PBXFileReference; lastKnownFileType = sourcecode.swift; path = AppDelegate.swift; sourceTree = "<group>"; };
		9A6B901124A4B1F2002FE34A /* SceneDelegate.swift */ = {isa = PBXFileReference; lastKnownFileType = sourcecode.swift; path = SceneDelegate.swift; sourceTree = "<group>"; };
		9A6B901624A4B1F2002FE34A /* Base */ = {isa = PBXFileReference; lastKnownFileType = file.storyboard; name = Base; path = Base.lproj/Main.storyboard; sourceTree = "<group>"; };
		9A6B901824A4B1F4002FE34A /* Assets.xcassets */ = {isa = PBXFileReference; lastKnownFileType = folder.assetcatalog; path = Assets.xcassets; sourceTree = "<group>"; };
		9A6B901B24A4B1F4002FE34A /* Base */ = {isa = PBXFileReference; lastKnownFileType = file.storyboard; name = Base; path = Base.lproj/LaunchScreen.storyboard; sourceTree = "<group>"; };
		9A6B901D24A4B1F4002FE34A /* Info.plist */ = {isa = PBXFileReference; lastKnownFileType = text.plist.xml; path = Info.plist; sourceTree = "<group>"; };
		9A6B902824A6291A002FE34A /* BaseViewController.swift */ = {isa = PBXFileReference; lastKnownFileType = sourcecode.swift; name = BaseViewController.swift; path = Radio/Controllers/BaseViewController.swift; sourceTree = SOURCE_ROOT; };
		9A6B902A24A62B90002FE34A /* Country.swift */ = {isa = PBXFileReference; lastKnownFileType = sourcecode.swift; path = Country.swift; sourceTree = "<group>"; };
		9A6B902C24A62C19002FE34A /* Genre.swift */ = {isa = PBXFileReference; lastKnownFileType = sourcecode.swift; path = Genre.swift; sourceTree = "<group>"; };
		9A6B902E24A62E50002FE34A /* Radio.swift */ = {isa = PBXFileReference; lastKnownFileType = sourcecode.swift; path = Radio.swift; sourceTree = "<group>"; };
		9A6B903324A64459002FE34A /* RadioAPI.swift */ = {isa = PBXFileReference; lastKnownFileType = sourcecode.swift; path = RadioAPI.swift; sourceTree = "<group>"; };
		9A6B903524A6446C002FE34A /* CountryAPI.swift */ = {isa = PBXFileReference; lastKnownFileType = sourcecode.swift; path = CountryAPI.swift; sourceTree = "<group>"; };
		9A6B903724A64478002FE34A /* Constant.swift */ = {isa = PBXFileReference; lastKnownFileType = sourcecode.swift; path = Constant.swift; sourceTree = "<group>"; };
		9A6B903924A64EB9002FE34A /* GenreAPI.swift */ = {isa = PBXFileReference; lastKnownFileType = sourcecode.swift; path = GenreAPI.swift; sourceTree = "<group>"; };
		9A6D533E24E166D100A1A214 /* UIImageView+DropShadow.swift */ = {isa = PBXFileReference; lastKnownFileType = sourcecode.swift; path = "UIImageView+DropShadow.swift"; sourceTree = "<group>"; };
		9A74E21B24A7E50A0059E48B /* RadioInfoView.xib */ = {isa = PBXFileReference; lastKnownFileType = file.xib; path = RadioInfoView.xib; sourceTree = "<group>"; };
		9A74E21D24A7E6800059E48B /* RadioInfoView.swift */ = {isa = PBXFileReference; lastKnownFileType = sourcecode.swift; path = RadioInfoView.swift; sourceTree = "<group>"; };
		9A74E22024A809590059E48B /* UIImageView+LoadImg.swift */ = {isa = PBXFileReference; lastKnownFileType = sourcecode.swift; path = "UIImageView+LoadImg.swift"; sourceTree = "<group>"; };
		9A9F31E824D9B7FE00D8DCF7 /* RadioListTableViewController.swift */ = {isa = PBXFileReference; lastKnownFileType = sourcecode.swift; path = RadioListTableViewController.swift; sourceTree = "<group>"; };
		9A9F31EA24DA41A100D8DCF7 /* RadioHelper.swift */ = {isa = PBXFileReference; lastKnownFileType = sourcecode.swift; path = RadioHelper.swift; sourceTree = "<group>"; };
		9AAE469524A754FD005879AB /* RadioListContract.swift */ = {isa = PBXFileReference; lastKnownFileType = sourcecode.swift; path = RadioListContract.swift; sourceTree = "<group>"; };
		9AAE469624A754FD005879AB /* RadioListPresenter.swift */ = {isa = PBXFileReference; lastKnownFileType = sourcecode.swift; path = RadioListPresenter.swift; sourceTree = "<group>"; };
		9AAE469724A754FD005879AB /* RadioListRouter.swift */ = {isa = PBXFileReference; lastKnownFileType = sourcecode.swift; path = RadioListRouter.swift; sourceTree = "<group>"; };
		9AAE469924A754FD005879AB /* RadioListInteractor.swift */ = {isa = PBXFileReference; lastKnownFileType = sourcecode.swift; path = RadioListInteractor.swift; sourceTree = "<group>"; };
		9AAE469F24A756D7005879AB /* RadioListTableViewCell.swift */ = {isa = PBXFileReference; lastKnownFileType = sourcecode.swift; path = RadioListTableViewCell.swift; sourceTree = "<group>"; };
		9AAE46A224A75C08005879AB /* PresenterProtocol.swift */ = {isa = PBXFileReference; lastKnownFileType = sourcecode.swift; path = PresenterProtocol.swift; sourceTree = "<group>"; };
		9AC193D324AB87E000C03C31 /* RadioFilterContract.swift */ = {isa = PBXFileReference; lastKnownFileType = sourcecode.swift; path = RadioFilterContract.swift; sourceTree = "<group>"; };
		9AC193D424AB87E000C03C31 /* RadioFilterPresenter.swift */ = {isa = PBXFileReference; lastKnownFileType = sourcecode.swift; path = RadioFilterPresenter.swift; sourceTree = "<group>"; };
		9AC193D524AB87E000C03C31 /* RadioFilterRouter.swift */ = {isa = PBXFileReference; lastKnownFileType = sourcecode.swift; path = RadioFilterRouter.swift; sourceTree = "<group>"; };
		9AC193D624AB87E000C03C31 /* RadioFilterViewController.swift */ = {isa = PBXFileReference; lastKnownFileType = sourcecode.swift; path = RadioFilterViewController.swift; sourceTree = "<group>"; };
		9AC193D724AB87E000C03C31 /* RadioFilterInteractor.swift */ = {isa = PBXFileReference; lastKnownFileType = sourcecode.swift; path = RadioFilterInteractor.swift; sourceTree = "<group>"; };
		9AC193DF24AB9EAC00C03C31 /* RadioFilterCellTableViewCell.swift */ = {isa = PBXFileReference; lastKnownFileType = sourcecode.swift; path = RadioFilterCellTableViewCell.swift; sourceTree = "<group>"; };
		9AC193E124B3AFF900C03C31 /* RadioAddContract.swift */ = {isa = PBXFileReference; lastKnownFileType = sourcecode.swift; path = RadioAddContract.swift; sourceTree = "<group>"; };
		9AC193E224B3AFF900C03C31 /* RadioAddPresenter.swift */ = {isa = PBXFileReference; lastKnownFileType = sourcecode.swift; path = RadioAddPresenter.swift; sourceTree = "<group>"; };
		9AC193E324B3AFF900C03C31 /* RadioAddRouter.swift */ = {isa = PBXFileReference; lastKnownFileType = sourcecode.swift; path = RadioAddRouter.swift; sourceTree = "<group>"; };
		9AC193E424B3AFF900C03C31 /* RadioAddViewController.swift */ = {isa = PBXFileReference; lastKnownFileType = sourcecode.swift; path = RadioAddViewController.swift; sourceTree = "<group>"; };
		9AC193E524B3AFF900C03C31 /* RadioAddInteractor.swift */ = {isa = PBXFileReference; lastKnownFileType = sourcecode.swift; path = RadioAddInteractor.swift; sourceTree = "<group>"; };
		9AC193EC24B3B19E00C03C31 /* BaseTableViewController.swift */ = {isa = PBXFileReference; lastKnownFileType = sourcecode.swift; path = BaseTableViewController.swift; sourceTree = "<group>"; };
		9AC9BA8024DC0658007B937B /* RadioSettingContract.swift */ = {isa = PBXFileReference; lastKnownFileType = sourcecode.swift; path = RadioSettingContract.swift; sourceTree = "<group>"; };
		9AC9BA8124DC0658007B937B /* RadioSettingPresenter.swift */ = {isa = PBXFileReference; lastKnownFileType = sourcecode.swift; path = RadioSettingPresenter.swift; sourceTree = "<group>"; };
		9AC9BA8224DC0658007B937B /* RadioSettingRouter.swift */ = {isa = PBXFileReference; lastKnownFileType = sourcecode.swift; path = RadioSettingRouter.swift; sourceTree = "<group>"; };
		9AC9BA8324DC0658007B937B /* RadioSettingTableViewController.swift */ = {isa = PBXFileReference; lastKnownFileType = sourcecode.swift; path = RadioSettingTableViewController.swift; sourceTree = "<group>"; };
		9AC9BA8424DC0658007B937B /* RadioSettingInteractor.swift */ = {isa = PBXFileReference; lastKnownFileType = sourcecode.swift; path = RadioSettingInteractor.swift; sourceTree = "<group>"; };
		9AD7480D24B4AED300ACE8E5 /* ResultView.xib */ = {isa = PBXFileReference; lastKnownFileType = file.xib; path = ResultView.xib; sourceTree = "<group>"; };
		9AD7480F24B4AFA500ACE8E5 /* ResultView.swift */ = {isa = PBXFileReference; lastKnownFileType = sourcecode.swift; path = ResultView.swift; sourceTree = "<group>"; };
		BFAD53520056188370FDD90D /* Pods-Radio.release.xcconfig */ = {isa = PBXFileReference; includeInIndex = 1; lastKnownFileType = text.xcconfig; name = "Pods-Radio.release.xcconfig"; path = "Target Support Files/Pods-Radio/Pods-Radio.release.xcconfig"; sourceTree = "<group>"; };
/* End PBXFileReference section */

/* Begin PBXFrameworksBuildPhase section */
		9A6B900924A4B1F2002FE34A /* Frameworks */ = {
			isa = PBXFrameworksBuildPhase;
			buildActionMask = 2147483647;
			files = (
				900B1B1D473F6EE098F21A04 /* Pods_Radio.framework in Frameworks */,
			);
			runOnlyForDeploymentPostprocessing = 0;
		};
/* End PBXFrameworksBuildPhase section */

/* Begin PBXGroup section */
		0E454E5B66263F5584B2CBB4 /* Frameworks */ = {
			isa = PBXGroup;
			children = (
				2BD9AE632015996638F845F6 /* Pods_Radio.framework */,
			);
			name = Frameworks;
			sourceTree = "<group>";
		};
		9A3850CA24A7920000EB0958 /* API */ = {
			isa = PBXGroup;
			children = (
				9A6B903324A64459002FE34A /* RadioAPI.swift */,
				9A6B903524A6446C002FE34A /* CountryAPI.swift */,
				9A6B903924A64EB9002FE34A /* GenreAPI.swift */,
				9A43A32524BDDA4C00974171 /* Connectivity.swift */,
			);
			path = API;
			sourceTree = "<group>";
		};
		9A43A31424B9643600974171 /* Controllers */ = {
			isa = PBXGroup;
			children = (
				9A6B902824A6291A002FE34A /* BaseViewController.swift */,
				9AC193EC24B3B19E00C03C31 /* BaseTableViewController.swift */,
				9A674D8724A7650B00C35732 /* RadioTabBarViewController.swift */,
			);
			path = Controllers;
			sourceTree = "<group>";
		};
		9A43A32024B9DA4C00974171 /* RadioPlayer */ = {
			isa = PBXGroup;
			children = (
				9A43A31524B9DA1700974171 /* RadioPlayerContract.swift */,
				9A43A31624B9DA1700974171 /* RadioPlayerPresenter.swift */,
				9A43A31724B9DA1700974171 /* RadioPlayerRouter.swift */,
				9A43A31824B9DA1700974171 /* RadioPlayerViewController.swift */,
				9A43A31924B9DA1700974171 /* RadioPlayerInteractor.swift */,
			);
			path = RadioPlayer;
			sourceTree = "<group>";
		};
		9A674D8924A766C700C35732 /* Custom Views */ = {
			isa = PBXGroup;
			children = (
				9A74E21D24A7E6800059E48B /* RadioInfoView.swift */,
				9A0126C024B3E3670027A431 /* RoundedTextField.swift */,
				9AD7480F24B4AFA500ACE8E5 /* ResultView.swift */,
				9A5DE3E324D5B35E00CE13D1 /* RadioVolumeSlider.swift */,
				9A3A422924DFAD0100033416 /* RadioControl.swift */,
			);
			path = "Custom Views";
			sourceTree = "<group>";
		};
		9A6B900324A4B1F2002FE34A = {
			isa = PBXGroup;
			children = (
				9A6B900E24A4B1F2002FE34A /* Radio */,
				9A6B900D24A4B1F2002FE34A /* Products */,
				A985C6923ED7EF194537607F /* Pods */,
				0E454E5B66263F5584B2CBB4 /* Frameworks */,
			);
			sourceTree = "<group>";
		};
		9A6B900D24A4B1F2002FE34A /* Products */ = {
			isa = PBXGroup;
			children = (
				9A6B900C24A4B1F2002FE34A /* Radio.app */,
			);
			name = Products;
			sourceTree = "<group>";
		};
		9A6B900E24A4B1F2002FE34A /* Radio */ = {
			isa = PBXGroup;
			children = (
				9A43A31424B9643600974171 /* Controllers */,
				9AD7480C24B4AE9400ACE8E5 /* Templates */,
				9A74E21F24A8093F0059E48B /* Extensions */,
				9A674D8924A766C700C35732 /* Custom Views */,
				9AAE46A124A75BFA005879AB /* Protocol */,
				9A6B903224A64446002FE34A /* Data Source */,
				9A6B902524A4E040002FE34A /* Entities */,
				9A6B903024A6425D002FE34A /* Modules */,
				9A6B903124A6426E002FE34A /* Supporting Files */,
				9A6B901524A4B1F2002FE34A /* Main.storyboard */,
				9A6B901824A4B1F4002FE34A /* Assets.xcassets */,
				9A6B901D24A4B1F4002FE34A /* Info.plist */,
				9A6B903724A64478002FE34A /* Constant.swift */,
			);
			path = Radio;
			sourceTree = "<group>";
		};
		9A6B902524A4E040002FE34A /* Entities */ = {
			isa = PBXGroup;
			children = (
				9A6B902A24A62B90002FE34A /* Country.swift */,
				9A6B902C24A62C19002FE34A /* Genre.swift */,
				9A6B902E24A62E50002FE34A /* Radio.swift */,
				9A204EC124CE8D650004E2EB /* Player.swift */,
				9A421B7C24D725880016DA43 /* FilterHelper.swift */,
				9A9F31EA24DA41A100D8DCF7 /* RadioHelper.swift */,
			);
			path = Entities;
			sourceTree = "<group>";
		};
		9A6B903024A6425D002FE34A /* Modules */ = {
			isa = PBXGroup;
			children = (
				9AAE469424A754E8005879AB /* RadioList */,
				9AC193DD24AB87E500C03C31 /* RadioFilter */,
				9AC193EB24B3B00200C03C31 /* RadioAdd */,
				9A43A32024B9DA4C00974171 /* RadioPlayer */,
				9AC9BA7F24DC062E007B937B /* RadioSetting */,
			);
			path = Modules;
			sourceTree = "<group>";
		};
		9A6B903124A6426E002FE34A /* Supporting Files */ = {
			isa = PBXGroup;
			children = (
				9A6B900F24A4B1F2002FE34A /* AppDelegate.swift */,
				9A6B901124A4B1F2002FE34A /* SceneDelegate.swift */,
				9A6B901A24A4B1F4002FE34A /* LaunchScreen.storyboard */,
			);
			path = "Supporting Files";
			sourceTree = "<group>";
		};
		9A6B903224A64446002FE34A /* Data Source */ = {
			isa = PBXGroup;
			children = (
				9A3850CA24A7920000EB0958 /* API */,
			);
			path = "Data Source";
			sourceTree = "<group>";
		};
		9A74E21F24A8093F0059E48B /* Extensions */ = {
			isa = PBXGroup;
			children = (
				9A74E22024A809590059E48B /* UIImageView+LoadImg.swift */,
				9A50F31524DC0A36006C0C5E /* UIStackView+AddSubviews.swift */,
				9A6D533E24E166D100A1A214 /* UIImageView+DropShadow.swift */,
			);
			path = Extensions;
			sourceTree = "<group>";
		};
		9AAE469424A754E8005879AB /* RadioList */ = {
			isa = PBXGroup;
			children = (
				9AAE469524A754FD005879AB /* RadioListContract.swift */,
				9AAE469624A754FD005879AB /* RadioListPresenter.swift */,
				9AAE469724A754FD005879AB /* RadioListRouter.swift */,
				9AAE469924A754FD005879AB /* RadioListInteractor.swift */,
				9A9F31E824D9B7FE00D8DCF7 /* RadioListTableViewController.swift */,
				9ACAFBB224AA18CB0072C1BF /* Cell */,
			);
			path = RadioList;
			sourceTree = "<group>";
		};
		9AAE46A124A75BFA005879AB /* Protocol */ = {
			isa = PBXGroup;
			children = (
				9AAE46A224A75C08005879AB /* PresenterProtocol.swift */,
			);
			path = Protocol;
			sourceTree = "<group>";
		};
		9AC193DD24AB87E500C03C31 /* RadioFilter */ = {
			isa = PBXGroup;
			children = (
				9AC193DE24AB9E9900C03C31 /* Cell */,
				9AC193D324AB87E000C03C31 /* RadioFilterContract.swift */,
				9AC193D424AB87E000C03C31 /* RadioFilterPresenter.swift */,
				9AC193D524AB87E000C03C31 /* RadioFilterRouter.swift */,
				9AC193D624AB87E000C03C31 /* RadioFilterViewController.swift */,
				9AC193D724AB87E000C03C31 /* RadioFilterInteractor.swift */,
			);
			path = RadioFilter;
			sourceTree = "<group>";
		};
		9AC193DE24AB9E9900C03C31 /* Cell */ = {
			isa = PBXGroup;
			children = (
				9AC193DF24AB9EAC00C03C31 /* RadioFilterCellTableViewCell.swift */,
			);
			path = Cell;
			sourceTree = "<group>";
		};
		9AC193EB24B3B00200C03C31 /* RadioAdd */ = {
			isa = PBXGroup;
			children = (
				9AC193E124B3AFF900C03C31 /* RadioAddContract.swift */,
				9AC193E224B3AFF900C03C31 /* RadioAddPresenter.swift */,
				9AC193E324B3AFF900C03C31 /* RadioAddRouter.swift */,
				9AC193E424B3AFF900C03C31 /* RadioAddViewController.swift */,
				9AC193E524B3AFF900C03C31 /* RadioAddInteractor.swift */,
			);
			path = RadioAdd;
			sourceTree = "<group>";
		};
		9AC9BA7F24DC062E007B937B /* RadioSetting */ = {
			isa = PBXGroup;
			children = (
				9AC9BA8024DC0658007B937B /* RadioSettingContract.swift */,
				9AC9BA8124DC0658007B937B /* RadioSettingPresenter.swift */,
				9AC9BA8224DC0658007B937B /* RadioSettingRouter.swift */,
				9AC9BA8324DC0658007B937B /* RadioSettingTableViewController.swift */,
				9AC9BA8424DC0658007B937B /* RadioSettingInteractor.swift */,
			);
			path = RadioSetting;
			sourceTree = "<group>";
		};
		9ACAFBB224AA18CB0072C1BF /* Cell */ = {
			isa = PBXGroup;
			children = (
				9AAE469F24A756D7005879AB /* RadioListTableViewCell.swift */,
			);
			path = Cell;
			sourceTree = "<group>";
		};
		9AD7480C24B4AE9400ACE8E5 /* Templates */ = {
			isa = PBXGroup;
			children = (
				9A74E21B24A7E50A0059E48B /* RadioInfoView.xib */,
				9AD7480D24B4AED300ACE8E5 /* ResultView.xib */,
			);
			path = Templates;
			sourceTree = "<group>";
		};
		A985C6923ED7EF194537607F /* Pods */ = {
			isa = PBXGroup;
			children = (
				5A3618CD5D07EE84B100F06D /* Pods-Radio.debug.xcconfig */,
				BFAD53520056188370FDD90D /* Pods-Radio.release.xcconfig */,
			);
			path = Pods;
			sourceTree = "<group>";
		};
/* End PBXGroup section */

/* Begin PBXNativeTarget section */
		9A6B900B24A4B1F2002FE34A /* Radio */ = {
			isa = PBXNativeTarget;
			buildConfigurationList = 9A6B902024A4B1F4002FE34A /* Build configuration list for PBXNativeTarget "Radio" */;
			buildPhases = (
				13DFD225EFBFFAC0A7A92DFB /* [CP] Check Pods Manifest.lock */,
				9A6B900824A4B1F2002FE34A /* Sources */,
				9A6B900924A4B1F2002FE34A /* Frameworks */,
				9A6B900A24A4B1F2002FE34A /* Resources */,
				9CB68431D298F75B32F207CC /* [CP] Embed Pods Frameworks */,
			);
			buildRules = (
			);
			dependencies = (
			);
			name = Radio;
			productName = Radio;
			productReference = 9A6B900C24A4B1F2002FE34A /* Radio.app */;
			productType = "com.apple.product-type.application";
		};
/* End PBXNativeTarget section */

/* Begin PBXProject section */
		9A6B900424A4B1F2002FE34A /* Project object */ = {
			isa = PBXProject;
			attributes = {
				LastSwiftUpdateCheck = 1140;
				LastUpgradeCheck = 1140;
				ORGANIZATIONNAME = Alisher;
				TargetAttributes = {
					9A6B900B24A4B1F2002FE34A = {
						CreatedOnToolsVersion = 11.4.1;
					};
				};
			};
			buildConfigurationList = 9A6B900724A4B1F2002FE34A /* Build configuration list for PBXProject "Radio" */;
			compatibilityVersion = "Xcode 9.3";
			developmentRegion = en;
			hasScannedForEncodings = 0;
			knownRegions = (
				en,
				Base,
			);
			mainGroup = 9A6B900324A4B1F2002FE34A;
			productRefGroup = 9A6B900D24A4B1F2002FE34A /* Products */;
			projectDirPath = "";
			projectRoot = "";
			targets = (
				9A6B900B24A4B1F2002FE34A /* Radio */,
			);
		};
/* End PBXProject section */

/* Begin PBXResourcesBuildPhase section */
		9A6B900A24A4B1F2002FE34A /* Resources */ = {
			isa = PBXResourcesBuildPhase;
			buildActionMask = 2147483647;
			files = (
				9AD7480E24B4AED300ACE8E5 /* ResultView.xib in Resources */,
				9A74E21C24A7E50A0059E48B /* RadioInfoView.xib in Resources */,
				9A6B901C24A4B1F4002FE34A /* LaunchScreen.storyboard in Resources */,
				9A6B901924A4B1F4002FE34A /* Assets.xcassets in Resources */,
				9A6B901724A4B1F2002FE34A /* Main.storyboard in Resources */,
			);
			runOnlyForDeploymentPostprocessing = 0;
		};
/* End PBXResourcesBuildPhase section */

/* Begin PBXShellScriptBuildPhase section */
		13DFD225EFBFFAC0A7A92DFB /* [CP] Check Pods Manifest.lock */ = {
			isa = PBXShellScriptBuildPhase;
			buildActionMask = 2147483647;
			files = (
			);
			inputFileListPaths = (
			);
			inputPaths = (
				"${PODS_PODFILE_DIR_PATH}/Podfile.lock",
				"${PODS_ROOT}/Manifest.lock",
			);
			name = "[CP] Check Pods Manifest.lock";
			outputFileListPaths = (
			);
			outputPaths = (
				"$(DERIVED_FILE_DIR)/Pods-Radio-checkManifestLockResult.txt",
			);
			runOnlyForDeploymentPostprocessing = 0;
			shellPath = /bin/sh;
			shellScript = "diff \"${PODS_PODFILE_DIR_PATH}/Podfile.lock\" \"${PODS_ROOT}/Manifest.lock\" > /dev/null\nif [ $? != 0 ] ; then\n    # print error to STDERR\n    echo \"error: The sandbox is not in sync with the Podfile.lock. Run 'pod install' or update your CocoaPods installation.\" >&2\n    exit 1\nfi\n# This output is used by Xcode 'outputs' to avoid re-running this script phase.\necho \"SUCCESS\" > \"${SCRIPT_OUTPUT_FILE_0}\"\n";
			showEnvVarsInLog = 0;
		};
		9CB68431D298F75B32F207CC /* [CP] Embed Pods Frameworks */ = {
			isa = PBXShellScriptBuildPhase;
			buildActionMask = 2147483647;
			files = (
			);
			inputFileListPaths = (
				"${PODS_ROOT}/Target Support Files/Pods-Radio/Pods-Radio-frameworks-${CONFIGURATION}-input-files.xcfilelist",
			);
			name = "[CP] Embed Pods Frameworks";
			outputFileListPaths = (
				"${PODS_ROOT}/Target Support Files/Pods-Radio/Pods-Radio-frameworks-${CONFIGURATION}-output-files.xcfilelist",
			);
			runOnlyForDeploymentPostprocessing = 0;
			shellPath = /bin/sh;
			shellScript = "\"${PODS_ROOT}/Target Support Files/Pods-Radio/Pods-Radio-frameworks.sh\"\n";
			showEnvVarsInLog = 0;
		};
/* End PBXShellScriptBuildPhase section */

/* Begin PBXSourcesBuildPhase section */
		9A6B900824A4B1F2002FE34A /* Sources */ = {
			isa = PBXSourcesBuildPhase;
			buildActionMask = 2147483647;
			files = (
				9A6B901024A4B1F2002FE34A /* AppDelegate.swift in Sources */,
				9A0126C124B3E3670027A431 /* RoundedTextField.swift in Sources */,
				9A6B901224A4B1F2002FE34A /* SceneDelegate.swift in Sources */,
				9AAE46A324A75C08005879AB /* PresenterProtocol.swift in Sources */,
				9A6B903624A6446C002FE34A /* CountryAPI.swift in Sources */,
				9A50F31624DC0A36006C0C5E /* UIStackView+AddSubviews.swift in Sources */,
				9A6B903424A64459002FE34A /* RadioAPI.swift in Sources */,
				9A421B7D24D725880016DA43 /* FilterHelper.swift in Sources */,
				9AC193EA24B3AFFA00C03C31 /* RadioAddInteractor.swift in Sources */,
				9AC9BA8924DC0658007B937B /* RadioSettingInteractor.swift in Sources */,
				9A43A31D24B9DA1700974171 /* RadioPlayerViewController.swift in Sources */,
				9AC193E924B3AFFA00C03C31 /* RadioAddViewController.swift in Sources */,
				9AC193E724B3AFFA00C03C31 /* RadioAddPresenter.swift in Sources */,
				9AC193ED24B3B19E00C03C31 /* BaseTableViewController.swift in Sources */,
				9A43A32624BDDA4C00974171 /* Connectivity.swift in Sources */,
				9AC193DC24AB87E000C03C31 /* RadioFilterInteractor.swift in Sources */,
				9AC9BA8824DC0658007B937B /* RadioSettingTableViewController.swift in Sources */,
				9AD7481024B4AFA500ACE8E5 /* ResultView.swift in Sources */,
				9A9F31EB24DA41A100D8DCF7 /* RadioHelper.swift in Sources */,
				9A5DE3E424D5B35E00CE13D1 /* RadioVolumeSlider.swift in Sources */,
				9AC9BA8724DC0658007B937B /* RadioSettingRouter.swift in Sources */,
				9A6D533F24E166D100A1A214 /* UIImageView+DropShadow.swift in Sources */,
				9A43A31B24B9DA1700974171 /* RadioPlayerPresenter.swift in Sources */,
				9A6B902B24A62B90002FE34A /* Country.swift in Sources */,
				9A6B902F24A62E50002FE34A /* Radio.swift in Sources */,
				9AAE469A24A754FD005879AB /* RadioListContract.swift in Sources */,
				9AC193D924AB87E000C03C31 /* RadioFilterPresenter.swift in Sources */,
				9AC193E624B3AFFA00C03C31 /* RadioAddContract.swift in Sources */,
				9A3A422A24DFAD0100033416 /* RadioControl.swift in Sources */,
				9AC9BA8624DC0658007B937B /* RadioSettingPresenter.swift in Sources */,
				9AC193D824AB87E000C03C31 /* RadioFilterContract.swift in Sources */,
				9A9F31E924D9B7FE00D8DCF7 /* RadioListTableViewController.swift in Sources */,
				9A43A31E24B9DA1700974171 /* RadioPlayerInteractor.swift in Sources */,
				9A674D8824A7650B00C35732 /* RadioTabBarViewController.swift in Sources */,
				9AAE469C24A754FD005879AB /* RadioListRouter.swift in Sources */,
				9AAE46A024A756D7005879AB /* RadioListTableViewCell.swift in Sources */,
				9A74E21E24A7E6800059E48B /* RadioInfoView.swift in Sources */,
				9AC193E824B3AFFA00C03C31 /* RadioAddRouter.swift in Sources */,
				9A74E22124A809590059E48B /* UIImageView+LoadImg.swift in Sources */,
				9AC193DA24AB87E000C03C31 /* RadioFilterRouter.swift in Sources */,
				9AC193DB24AB87E000C03C31 /* RadioFilterViewController.swift in Sources */,
				9A6B903A24A64EB9002FE34A /* GenreAPI.swift in Sources */,
				9AAE469E24A754FD005879AB /* RadioListInteractor.swift in Sources */,
				9AAE469B24A754FD005879AB /* RadioListPresenter.swift in Sources */,
				9A6B903824A64478002FE34A /* Constant.swift in Sources */,
				9A43A31C24B9DA1700974171 /* RadioPlayerRouter.swift in Sources */,
				9A6B902924A6291A002FE34A /* BaseViewController.swift in Sources */,
				9AC193E024AB9EAC00C03C31 /* RadioFilterCellTableViewCell.swift in Sources */,
				9A43A31A24B9DA1700974171 /* RadioPlayerContract.swift in Sources */,
				9A204EC224CE8D650004E2EB /* Player.swift in Sources */,
				9A6B902D24A62C19002FE34A /* Genre.swift in Sources */,
				9AC9BA8524DC0658007B937B /* RadioSettingContract.swift in Sources */,
			);
			runOnlyForDeploymentPostprocessing = 0;
		};
/* End PBXSourcesBuildPhase section */

/* Begin PBXVariantGroup section */
		9A6B901524A4B1F2002FE34A /* Main.storyboard */ = {
			isa = PBXVariantGroup;
			children = (
				9A6B901624A4B1F2002FE34A /* Base */,
			);
			name = Main.storyboard;
			sourceTree = "<group>";
		};
		9A6B901A24A4B1F4002FE34A /* LaunchScreen.storyboard */ = {
			isa = PBXVariantGroup;
			children = (
				9A6B901B24A4B1F4002FE34A /* Base */,
			);
			name = LaunchScreen.storyboard;
			sourceTree = "<group>";
		};
/* End PBXVariantGroup section */

/* Begin XCBuildConfiguration section */
		9A6B901E24A4B1F4002FE34A /* Debug */ = {
			isa = XCBuildConfiguration;
			buildSettings = {
				ALWAYS_SEARCH_USER_PATHS = NO;
				CLANG_ANALYZER_NONNULL = YES;
				CLANG_ANALYZER_NUMBER_OBJECT_CONVERSION = YES_AGGRESSIVE;
				CLANG_CXX_LANGUAGE_STANDARD = "gnu++14";
				CLANG_CXX_LIBRARY = "libc++";
				CLANG_ENABLE_MODULES = YES;
				CLANG_ENABLE_OBJC_ARC = YES;
				CLANG_ENABLE_OBJC_WEAK = YES;
				CLANG_WARN_BLOCK_CAPTURE_AUTORELEASING = YES;
				CLANG_WARN_BOOL_CONVERSION = YES;
				CLANG_WARN_COMMA = YES;
				CLANG_WARN_CONSTANT_CONVERSION = YES;
				CLANG_WARN_DEPRECATED_OBJC_IMPLEMENTATIONS = YES;
				CLANG_WARN_DIRECT_OBJC_ISA_USAGE = YES_ERROR;
				CLANG_WARN_DOCUMENTATION_COMMENTS = YES;
				CLANG_WARN_EMPTY_BODY = YES;
				CLANG_WARN_ENUM_CONVERSION = YES;
				CLANG_WARN_INFINITE_RECURSION = YES;
				CLANG_WARN_INT_CONVERSION = YES;
				CLANG_WARN_NON_LITERAL_NULL_CONVERSION = YES;
				CLANG_WARN_OBJC_IMPLICIT_RETAIN_SELF = YES;
				CLANG_WARN_OBJC_LITERAL_CONVERSION = YES;
				CLANG_WARN_OBJC_ROOT_CLASS = YES_ERROR;
				CLANG_WARN_RANGE_LOOP_ANALYSIS = YES;
				CLANG_WARN_STRICT_PROTOTYPES = YES;
				CLANG_WARN_SUSPICIOUS_MOVE = YES;
				CLANG_WARN_UNGUARDED_AVAILABILITY = YES_AGGRESSIVE;
				CLANG_WARN_UNREACHABLE_CODE = YES;
				CLANG_WARN__DUPLICATE_METHOD_MATCH = YES;
				COPY_PHASE_STRIP = NO;
				DEBUG_INFORMATION_FORMAT = dwarf;
				ENABLE_STRICT_OBJC_MSGSEND = YES;
				ENABLE_TESTABILITY = YES;
				GCC_C_LANGUAGE_STANDARD = gnu11;
				GCC_DYNAMIC_NO_PIC = NO;
				GCC_NO_COMMON_BLOCKS = YES;
				GCC_OPTIMIZATION_LEVEL = 0;
				GCC_PREPROCESSOR_DEFINITIONS = (
					"DEBUG=1",
					"$(inherited)",
				);
				GCC_WARN_64_TO_32_BIT_CONVERSION = YES;
				GCC_WARN_ABOUT_RETURN_TYPE = YES_ERROR;
				GCC_WARN_UNDECLARED_SELECTOR = YES;
				GCC_WARN_UNINITIALIZED_AUTOS = YES_AGGRESSIVE;
				GCC_WARN_UNUSED_FUNCTION = YES;
				GCC_WARN_UNUSED_VARIABLE = YES;
				IPHONEOS_DEPLOYMENT_TARGET = 13.0;
				MTL_ENABLE_DEBUG_INFO = INCLUDE_SOURCE;
				MTL_FAST_MATH = YES;
				ONLY_ACTIVE_ARCH = YES;
				SDKROOT = iphoneos;
				SWIFT_ACTIVE_COMPILATION_CONDITIONS = DEBUG;
				SWIFT_OPTIMIZATION_LEVEL = "-Onone";
			};
			name = Debug;
		};
		9A6B901F24A4B1F4002FE34A /* Release */ = {
			isa = XCBuildConfiguration;
			buildSettings = {
				ALWAYS_SEARCH_USER_PATHS = NO;
				CLANG_ANALYZER_NONNULL = YES;
				CLANG_ANALYZER_NUMBER_OBJECT_CONVERSION = YES_AGGRESSIVE;
				CLANG_CXX_LANGUAGE_STANDARD = "gnu++14";
				CLANG_CXX_LIBRARY = "libc++";
				CLANG_ENABLE_MODULES = YES;
				CLANG_ENABLE_OBJC_ARC = YES;
				CLANG_ENABLE_OBJC_WEAK = YES;
				CLANG_WARN_BLOCK_CAPTURE_AUTORELEASING = YES;
				CLANG_WARN_BOOL_CONVERSION = YES;
				CLANG_WARN_COMMA = YES;
				CLANG_WARN_CONSTANT_CONVERSION = YES;
				CLANG_WARN_DEPRECATED_OBJC_IMPLEMENTATIONS = YES;
				CLANG_WARN_DIRECT_OBJC_ISA_USAGE = YES_ERROR;
				CLANG_WARN_DOCUMENTATION_COMMENTS = YES;
				CLANG_WARN_EMPTY_BODY = YES;
				CLANG_WARN_ENUM_CONVERSION = YES;
				CLANG_WARN_INFINITE_RECURSION = YES;
				CLANG_WARN_INT_CONVERSION = YES;
				CLANG_WARN_NON_LITERAL_NULL_CONVERSION = YES;
				CLANG_WARN_OBJC_IMPLICIT_RETAIN_SELF = YES;
				CLANG_WARN_OBJC_LITERAL_CONVERSION = YES;
				CLANG_WARN_OBJC_ROOT_CLASS = YES_ERROR;
				CLANG_WARN_RANGE_LOOP_ANALYSIS = YES;
				CLANG_WARN_STRICT_PROTOTYPES = YES;
				CLANG_WARN_SUSPICIOUS_MOVE = YES;
				CLANG_WARN_UNGUARDED_AVAILABILITY = YES_AGGRESSIVE;
				CLANG_WARN_UNREACHABLE_CODE = YES;
				CLANG_WARN__DUPLICATE_METHOD_MATCH = YES;
				COPY_PHASE_STRIP = NO;
				DEBUG_INFORMATION_FORMAT = "dwarf-with-dsym";
				ENABLE_NS_ASSERTIONS = NO;
				ENABLE_STRICT_OBJC_MSGSEND = YES;
				GCC_C_LANGUAGE_STANDARD = gnu11;
				GCC_NO_COMMON_BLOCKS = YES;
				GCC_WARN_64_TO_32_BIT_CONVERSION = YES;
				GCC_WARN_ABOUT_RETURN_TYPE = YES_ERROR;
				GCC_WARN_UNDECLARED_SELECTOR = YES;
				GCC_WARN_UNINITIALIZED_AUTOS = YES_AGGRESSIVE;
				GCC_WARN_UNUSED_FUNCTION = YES;
				GCC_WARN_UNUSED_VARIABLE = YES;
				IPHONEOS_DEPLOYMENT_TARGET = 13.0;
				MTL_ENABLE_DEBUG_INFO = NO;
				MTL_FAST_MATH = YES;
				SDKROOT = iphoneos;
				SWIFT_COMPILATION_MODE = wholemodule;
				SWIFT_OPTIMIZATION_LEVEL = "-O";
				VALIDATE_PRODUCT = YES;
			};
			name = Release;
		};
		9A6B902124A4B1F4002FE34A /* Debug */ = {
			isa = XCBuildConfiguration;
			baseConfigurationReference = 5A3618CD5D07EE84B100F06D /* Pods-Radio.debug.xcconfig */;
			buildSettings = {
				ASSETCATALOG_COMPILER_APPICON_NAME = AppIcon;
				CODE_SIGN_STYLE = Automatic;
				CURRENT_PROJECT_VERSION = 6;
				DEVELOPMENT_TEAM = RPC7U6LPN6;
				INFOPLIST_FILE = Radio/Info.plist;
				IPHONEOS_DEPLOYMENT_TARGET = 13.0;
				LD_RUNPATH_SEARCH_PATHS = (
					"$(inherited)",
					"@executable_path/Frameworks",
				);
				PRODUCT_BUNDLE_IDENTIFIER = com.iot.radio;
				PRODUCT_NAME = "$(TARGET_NAME)";
				SWIFT_VERSION = 5.0;
				TARGETED_DEVICE_FAMILY = 1;
			};
			name = Debug;
		};
		9A6B902224A4B1F4002FE34A /* Release */ = {
			isa = XCBuildConfiguration;
			baseConfigurationReference = BFAD53520056188370FDD90D /* Pods-Radio.release.xcconfig */;
			buildSettings = {
				ASSETCATALOG_COMPILER_APPICON_NAME = AppIcon;
				CODE_SIGN_STYLE = Automatic;
				CURRENT_PROJECT_VERSION = 6;
				DEVELOPMENT_TEAM = RPC7U6LPN6;
				INFOPLIST_FILE = Radio/Info.plist;
				IPHONEOS_DEPLOYMENT_TARGET = 13.0;
				LD_RUNPATH_SEARCH_PATHS = (
					"$(inherited)",
					"@executable_path/Frameworks",
				);
				PRODUCT_BUNDLE_IDENTIFIER = com.iot.radio;
				PRODUCT_NAME = "$(TARGET_NAME)";
				SWIFT_VERSION = 5.0;
				TARGETED_DEVICE_FAMILY = 1;
			};
			name = Release;
		};
/* End XCBuildConfiguration section */

/* Begin XCConfigurationList section */
		9A6B900724A4B1F2002FE34A /* Build configuration list for PBXProject "Radio" */ = {
			isa = XCConfigurationList;
			buildConfigurations = (
				9A6B901E24A4B1F4002FE34A /* Debug */,
				9A6B901F24A4B1F4002FE34A /* Release */,
			);
			defaultConfigurationIsVisible = 0;
			defaultConfigurationName = Release;
		};
		9A6B902024A4B1F4002FE34A /* Build configuration list for PBXNativeTarget "Radio" */ = {
			isa = XCConfigurationList;
			buildConfigurations = (
				9A6B902124A4B1F4002FE34A /* Debug */,
				9A6B902224A4B1F4002FE34A /* Release */,
			);
			defaultConfigurationIsVisible = 0;
			defaultConfigurationName = Release;
		};
/* End XCConfigurationList section */
	};
	rootObject = 9A6B900424A4B1F2002FE34A /* Project object */;
}
